Microsoft Visual Studio Solution File, Format Version 12.00
# Visual Studio Version 17
VisualStudioVersion = 17.5.2.0
MinimumVisualStudioVersion = 10.0.40219.1
Project("{FAE04EC0-301F-11D3-BF4B-00C04F79EFBC}") = "ReadonlyOrConst", "ReadonlyOrConst.csproj", "{0C2670E8-499C-3C15-3956-5662A0A2E044}"
EndProject
Global
	GlobalSection(SolutionConfigurationPlatforms) = preSolution
		Debug|Any CPU = Debug|Any CPU
		Release|Any CPU = Release|Any CPU
	EndGlobalSection
	GlobalSection(ProjectConfigurationPlatforms) = postSolution
		{0C2670E8-499C-3C15-3956-5662A0A2E044}.Debug|Any CPU.ActiveCfg = Debug|Any CPU
		{0C2670E8-499C-3C15-3956-5662A0A2E044}.Debug|Any CPU.Build.0 = Debug|Any CPU
		{0C2670E8-499C-3C15-3956-5662A0A2E044}.Release|Any CPU.ActiveCfg = Release|Any CPU
		{0C2670E8-499C-3C15-3956-5662A0A2E044}.Release|Any CPU.Build.0 = Release|Any CPU
	EndGlobalSection
	GlobalSection(SolutionProperties) = preSolution
		HideSolutionNode = FALSE
	EndGlobalSection
	GlobalSection(ExtensibilityGlobals) = postSolution
		SolutionGuid = {5D8FB763-B4A5-4F86-88DE-9F2B0CE34E24}
	EndGlobalSection
EndGlobal
