Microsoft Visual Studio Solution File, Format Version 12.00
# Visual Studio Version 17
VisualStudioVersion = 17.5.2.0
MinimumVisualStudioVersion = 10.0.40219.1
Project("{FAE04EC0-301F-11D3-BF4B-00C04F79EFBC}") = "UseNewNullCheck", "UseNewNullCheck.csproj", "{3ACCA67B-8E4C-7221-098B-FB7B4BF2EABD}"
EndProject
Global
	GlobalSection(SolutionConfigurationPlatforms) = preSolution
		Debug|Any CPU = Debug|Any CPU
		Release|Any CPU = Release|Any CPU
	EndGlobalSection
	GlobalSection(ProjectConfigurationPlatforms) = postSolution
		{3ACCA67B-8E4C-7221-098B-FB7B4BF2EABD}.Debug|Any CPU.ActiveCfg = Debug|Any CPU
		{3ACCA67B-8E4C-7221-098B-FB7B4BF2EABD}.Debug|Any CPU.Build.0 = Debug|Any CPU
		{3ACCA67B-8E4C-7221-098B-FB7B4BF2EABD}.Release|Any CPU.ActiveCfg = Release|Any CPU
		{3ACCA67B-8E4C-7221-098B-FB7B4BF2EABD}.Release|Any CPU.Build.0 = Release|Any CPU
	EndGlobalSection
	GlobalSection(SolutionProperties) = preSolution
		HideSolutionNode = FALSE
	EndGlobalSection
	GlobalSection(ExtensibilityGlobals) = postSolution
		SolutionGuid = {F8A7A6D7-046E-44B4-81D2-9853DF0F83B7}
	EndGlobalSection
EndGlobal
