Microsoft Visual Studio Solution File, Format Version 12.00
# Visual Studio Version 17
VisualStudioVersion = 17.5.2.0
MinimumVisualStudioVersion = 10.0.40219.1
Project("{FAE04EC0-301F-11D3-BF4B-00C04F79EFBC}") = "ObserverPattern", "ObserverPattern.csproj", "{98DF620A-43C2-1BFD-D200-B89D4B93B738}"
EndProject
Global
	GlobalSection(SolutionConfigurationPlatforms) = preSolution
		Debug|Any CPU = Debug|Any CPU
		Release|Any CPU = Release|Any CPU
	EndGlobalSection
	GlobalSection(ProjectConfigurationPlatforms) = postSolution
		{98DF620A-43C2-1BFD-D200-B89D4B93B738}.Debug|Any CPU.ActiveCfg = Debug|Any CPU
		{98DF620A-43C2-1BFD-D200-B89D4B93B738}.Debug|Any CPU.Build.0 = Debug|Any CPU
		{98DF620A-43C2-1BFD-D200-B89D4B93B738}.Release|Any CPU.ActiveCfg = Release|Any CPU
		{98DF620A-43C2-1BFD-D200-B89D4B93B738}.Release|Any CPU.Build.0 = Release|Any CPU
	EndGlobalSection
	GlobalSection(SolutionProperties) = preSolution
		HideSolutionNode = FALSE
	EndGlobalSection
	GlobalSection(ExtensibilityGlobals) = postSolution
		SolutionGuid = {FF59FE53-626B-413F-8D46-E9E3DB31CC99}
	EndGlobalSection
EndGlobal
